// !$*UTF8*$!
{
	archiveVersion = 1;
	classes = {
	};
	objectVersion = 56;
	objects = {

/* Begin PBXBuildFile section */
		D5DC44DF29A5E57100D2A2EE /* AppDelegate.m in Sources */ = {isa = PBXBuildFile; fileRef = D5DC44DE29A5E57100D2A2EE /* AppDelegate.m */; };
		D5DC44E229A5E57100D2A2EE /* SceneDelegate.m in Sources */ = {isa = PBXBuildFile; fileRef = D5DC44E129A5E57100D2A2EE /* SceneDelegate.m */; };
		D5DC44E529A5E57100D2A2EE /* ViewController.m in Sources */ = {isa = PBXBuildFile; fileRef = D5DC44E429A5E57100D2A2EE /* ViewController.m */; };
		D5DC44E829A5E57100D2A2EE /* Main.storyboard in Resources */ = {isa = PBXBuildFile; fileRef = D5DC44E629A5E57100D2A2EE /* Main.storyboard */; };
		D5DC44EA29A5E57600D2A2EE /* Assets.xcassets in Resources */ = {isa = PBXBuildFile; fileRef = D5DC44E929A5E57600D2A2EE /* Assets.xcassets */; };
		D5DC44ED29A5E57600D2A2EE /* LaunchScreen.storyboard in Resources */ = {isa = PBXBuildFile; fileRef = D5DC44EB29A5E57600D2A2EE /* LaunchScreen.storyboard */; };
		D5DC44F029A5E57600D2A2EE /* main.m in Sources */ = {isa = PBXBuildFile; fileRef = D5DC44EF29A5E57600D2A2EE /* main.m */; };
		D5DC44F829A5E5E500D2A2EE /* Node.m in Sources */ = {isa = PBXBuildFile; fileRef = D5DC44F729A5E5E500D2A2EE /* Node.m */; };
/* End PBXBuildFile section */

/* Begin PBXFileReference section */
		D5DC44DA29A5E57100D2A2EE /* nodes.app */ = {isa = PBXFileReference; explicitFileType = wrapper.application; includeInIndex = 0; path = nodes.app; sourceTree = BUILT_PRODUCTS_DIR; };
		D5DC44DD29A5E57100D2A2EE /* AppDelegate.h */ = {isa = PBXFileReference; lastKnownFileType = sourcecode.c.h; path = AppDelegate.h; sourceTree = "<group>"; };
		D5DC44DE29A5E57100D2A2EE /* AppDelegate.m */ = {isa = PBXFileReference; lastKnownFileType = sourcecode.c.objc; path = AppDelegate.m; sourceTree = "<group>"; };
		D5DC44E029A5E57100D2A2EE /* SceneDelegate.h */ = {isa = PBXFileReference; lastKnownFileType = sourcecode.c.h; path = SceneDelegate.h; sourceTree = "<group>"; };
		D5DC44E129A5E57100D2A2EE /* SceneDelegate.m */ = {isa = PBXFileReference; lastKnownFileType = sourcecode.c.objc; path = SceneDelegate.m; sourceTree = "<group>"; };
		D5DC44E329A5E57100D2A2EE /* ViewController.h */ = {isa = PBXFileReference; lastKnownFileType = sourcecode.c.h; path = ViewController.h; sourceTree = "<group>"; };
		D5DC44E429A5E57100D2A2EE /* ViewController.m */ = {isa = PBXFileReference; lastKnownFileType = sourcecode.c.objc; path = ViewController.m; sourceTree = "<group>"; };
		D5DC44E729A5E57100D2A2EE /* Base */ = {isa = PBXFileReference; lastKnownFileType = file.storyboard; name = Base; path = Base.lproj/Main.storyboard; sourceTree = "<group>"; };
		D5DC44E929A5E57600D2A2EE /* Assets.xcassets */ = {isa = PBXFileReference; lastKnownFileType = folder.assetcatalog; path = Assets.xcassets; sourceTree = "<group>"; };
		D5DC44EC29A5E57600D2A2EE /* Base */ = {isa = PBXFileReference; lastKnownFileType = file.storyboard; name = Base; path = Base.lproj/LaunchScreen.storyboard; sourceTree = "<group>"; };
		D5DC44EE29A5E57600D2A2EE /* Info.plist */ = {isa = PBXFileReference; lastKnownFileType = text.plist.xml; path = Info.plist; sourceTree = "<group>"; };
		D5DC44EF29A5E57600D2A2EE /* main.m */ = {isa = PBXFileReference; lastKnownFileType = sourcecode.c.objc; path = main.m; sourceTree = "<group>"; };
		D5DC44F629A5E5E500D2A2EE /* Node.h */ = {isa = PBXFileReference; lastKnownFileType = sourcecode.c.h; path = Node.h; sourceTree = "<group>"; };
		D5DC44F729A5E5E500D2A2EE /* Node.m */ = {isa = PBXFileReference; lastKnownFileType = sourcecode.c.objc; path = Node.m; sourceTree = "<group>"; };
/* End PBXFileReference section */

/* Begin PBXFrameworksBuildPhase section */
		D5DC44D729A5E57100D2A2EE /* Frameworks */ = {
			isa = PBXFrameworksBuildPhase;
			buildActionMask = 2147483647;
			files = (
			);
			runOnlyForDeploymentPostprocessing = 0;
		};
/* End PBXFrameworksBuildPhase section */

/* Begin PBXGroup section */
		D5DC44D129A5E57100D2A2EE = {
			isa = PBXGroup;
			children = (
				D5DC44DC29A5E57100D2A2EE /* nodes */,
				D5DC44DB29A5E57100D2A2EE /* Products */,
			);
			sourceTree = "<group>";
		};
		D5DC44DB29A5E57100D2A2EE /* Products */ = {
			isa = PBXGroup;
			children = (
				D5DC44DA29A5E57100D2A2EE /* nodes.app */,
			);
			name = Products;
			sourceTree = "<group>";
		};
		D5DC44DC29A5E57100D2A2EE /* nodes */ = {
			isa = PBXGroup;
			children = (
				D5DC44DD29A5E57100D2A2EE /* AppDelegate.h */,
				D5DC44DE29A5E57100D2A2EE /* AppDelegate.m */,
				D5DC44E029A5E57100D2A2EE /* SceneDelegate.h */,
				D5DC44E129A5E57100D2A2EE /* SceneDelegate.m */,
				D5DC44E329A5E57100D2A2EE /* ViewController.h */,
				D5DC44E429A5E57100D2A2EE /* ViewController.m */,
				D5DC44F629A5E5E500D2A2EE /* Node.h */,
				D5DC44F729A5E5E500D2A2EE /* Node.m */,
				D5DC44E629A5E57100D2A2EE /* Main.storyboard */,
				D5DC44E929A5E57600D2A2EE /* Assets.xcassets */,
				D5DC44EB29A5E57600D2A2EE /* LaunchScreen.storyboard */,
				D5DC44EE29A5E57600D2A2EE /* Info.plist */,
				D5DC44EF29A5E57600D2A2EE /* main.m */,
			);
			path = nodes;
			sourceTree = "<group>";
		};
/* End PBXGroup section */

/* Begin PBXNativeTarget section */
		D5DC44D929A5E57100D2A2EE /* nodes */ = {
			isa = PBXNativeTarget;
			buildConfigurationList = D5DC44F329A5E57600D2A2EE /* Build configuration list for PBXNativeTarget "nodes" */;
			buildPhases = (
				D5DC44D629A5E57100D2A2EE /* Sources */,
				D5DC44D729A5E57100D2A2EE /* Frameworks */,
				D5DC44D829A5E57100D2A2EE /* Resources */,
			);
			buildRules = (
			);
			dependencies = (
			);
			name = nodes;
			productName = nodes;
			productReference = D5DC44DA29A5E57100D2A2EE /* nodes.app */;
			productType = "com.apple.product-type.application";
		};
/* End PBXNativeTarget section */

/* Begin PBXProject section */
		D5DC44D229A5E57100D2A2EE /* Project object */ = {
			isa = PBXProject;
			attributes = {
				BuildIndependentTargetsInParallel = 1;
				LastUpgradeCheck = 1400;
				TargetAttributes = {
					D5DC44D929A5E57100D2A2EE = {
						CreatedOnToolsVersion = 14.0.1;
					};
				};
			};
			buildConfigurationList = D5DC44D529A5E57100D2A2EE /* Build configuration list for PBXProject "nodes" */;
			compatibilityVersion = "Xcode 14.0";
			developmentRegion = en;
			hasScannedForEncodings = 0;
			knownRegions = (
				en,
				Base,
			);
			mainGroup = D5DC44D129A5E57100D2A2EE;
			productRefGroup = D5DC44DB29A5E57100D2A2EE /* Products */;
			projectDirPath = "";
			projectRoot = "";
			targets = (
				D5DC44D929A5E57100D2A2EE /* nodes */,
			);
		};
/* End PBXProject section */

/* Begin PBXResourcesBuildPhase section */
		D5DC44D829A5E57100D2A2EE /* Resources */ = {
			isa = PBXResourcesBuildPhase;
			buildActionMask = 2147483647;
			files = (
				D5DC44ED29A5E57600D2A2EE /* LaunchScreen.storyboard in Resources */,
				D5DC44EA29A5E57600D2A2EE /* Assets.xcassets in Resources */,
				D5DC44E829A5E57100D2A2EE /* Main.storyboard in Resources */,
			);
			runOnlyForDeploymentPostprocessing = 0;
		};
/* End PBXResourcesBuildPhase section */

/* Begin PBXSourcesBuildPhase section */
		D5DC44D629A5E57100D2A2EE /* Sources */ = {
			isa = PBXSourcesBuildPhase;
			buildActionMask = 2147483647;
			files = (
				D5DC44F829A5E5E500D2A2EE /* Node.m in Sources */,
				D5DC44E529A5E57100D2A2EE /* ViewController.m in Sources */,
				D5DC44DF29A5E57100D2A2EE /* AppDelegate.m in Sources */,
				D5DC44F029A5E57600D2A2EE /* main.m in Sources */,
				D5DC44E229A5E57100D2A2EE /* SceneDelegate.m in Sources */,
			);
			runOnlyForDeploymentPostprocessing = 0;
		};
/* End PBXSourcesBuildPhase section */

/* Begin PBXVariantGroup section */
		D5DC44E629A5E57100D2A2EE /* Main.storyboard */ = {
			isa = PBXVariantGroup;
			children = (
				D5DC44E729A5E57100D2A2EE /* Base */,
			);
			name = Main.storyboard;
			sourceTree = "<group>";
		};
		D5DC44EB29A5E57600D2A2EE /* LaunchScreen.storyboard */ = {
			isa = PBXVariantGroup;
			children = (
				D5DC44EC29A5E57600D2A2EE /* Base */,
			);
			name = LaunchScreen.storyboard;
			sourceTree = "<group>";
		};
/* End PBXVariantGroup section */

/* Begin XCBuildConfiguration section */
		D5DC44F129A5E57600D2A2EE /* Debug */ = {
			isa = XCBuildConfiguration;
			buildSettings = {
				ALWAYS_SEARCH_USER_PATHS = NO;
				CLANG_ANALYZER_NONNULL = YES;
				CLANG_ANALYZER_NUMBER_OBJECT_CONVERSION = YES_AGGRESSIVE;
				CLANG_CXX_LANGUAGE_STANDARD = "gnu++20";
				CLANG_ENABLE_MODULES = YES;
				CLANG_ENABLE_OBJC_ARC = YES;
				CLANG_ENABLE_OBJC_WEAK = YES;
				CLANG_WARN_BLOCK_CAPTURE_AUTORELEASING = YES;
				CLANG_WARN_BOOL_CONVERSION = YES;
				CLANG_WARN_COMMA = YES;
				CLANG_WARN_CONSTANT_CONVERSION = YES;
				CLANG_WARN_DEPRECATED_OBJC_IMPLEMENTATIONS = YES;
				CLANG_WARN_DIRECT_OBJC_ISA_USAGE = YES_ERROR;
				CLANG_WARN_DOCUMENTATION_COMMENTS = YES;
				CLANG_WARN_EMPTY_BODY = YES;
				CLANG_WARN_ENUM_CONVERSION = YES;
				CLANG_WARN_INFINITE_RECURSION = YES;
				CLANG_WARN_INT_CONVERSION = YES;
				CLANG_WARN_NON_LITERAL_NULL_CONVERSION = YES;
				CLANG_WARN_OBJC_IMPLICIT_RETAIN_SELF = YES;
				CLANG_WARN_OBJC_LITERAL_CONVERSION = YES;
				CLANG_WARN_OBJC_ROOT_CLASS = YES_ERROR;
				CLANG_WARN_QUOTED_INCLUDE_IN_FRAMEWORK_HEADER = YES;
				CLANG_WARN_RANGE_LOOP_ANALYSIS = YES;
				CLANG_WARN_STRICT_PROTOTYPES = YES;
				CLANG_WARN_SUSPICIOUS_MOVE = YES;
				CLANG_WARN_UNGUARDED_AVAILABILITY = YES_AGGRESSIVE;
				CLANG_WARN_UNREACHABLE_CODE = YES;
				CLANG_WARN__DUPLICATE_METHOD_MATCH = YES;
				COPY_PHASE_STRIP = NO;
				DEBUG_INFORMATION_FORMAT = dwarf;
				ENABLE_STRICT_OBJC_MSGSEND = YES;
				ENABLE_TESTABILITY = YES;
				GCC_C_LANGUAGE_STANDARD = gnu11;
				GCC_DYNAMIC_NO_PIC = NO;
				GCC_NO_COMMON_BLOCKS = YES;
				GCC_OPTIMIZATION_LEVEL = 0;
				GCC_PREPROCESSOR_DEFINITIONS = (
					"DEBUG=1",
					"$(inherited)",
				);
				GCC_WARN_64_TO_32_BIT_CONVERSION = YES;
				GCC_WARN_ABOUT_RETURN_TYPE = YES_ERROR;
				GCC_WARN_UNDECLARED_SELECTOR = YES;
				GCC_WARN_UNINITIALIZED_AUTOS = YES_AGGRESSIVE;
				GCC_WARN_UNUSED_FUNCTION = YES;
				GCC_WARN_UNUSED_VARIABLE = YES;
				IPHONEOS_DEPLOYMENT_TARGET = 16.0;
				MTL_ENABLE_DEBUG_INFO = INCLUDE_SOURCE;
				MTL_FAST_MATH = YES;
				ONLY_ACTIVE_ARCH = YES;
				SDKROOT = iphoneos;
			};
			name = Debug;
		};
		D5DC44F229A5E57600D2A2EE /* Release */ = {
			isa = XCBuildConfiguration;
			buildSettings = {
				ALWAYS_SEARCH_USER_PATHS = NO;
				CLANG_ANALYZER_NONNULL = YES;
				CLANG_ANALYZER_NUMBER_OBJECT_CONVERSION = YES_AGGRESSIVE;
				CLANG_CXX_LANGUAGE_STANDARD = "gnu++20";
				CLANG_ENABLE_MODULES = YES;
				CLANG_ENABLE_OBJC_ARC = YES;
				CLANG_ENABLE_OBJC_WEAK = YES;
				CLANG_WARN_BLOCK_CAPTURE_AUTORELEASING = YES;
				CLANG_WARN_BOOL_CONVERSION = YES;
				CLANG_WARN_COMMA = YES;
				CLANG_WARN_CONSTANT_CONVERSION = YES;
				CLANG_WARN_DEPRECATED_OBJC_IMPLEMENTATIONS = YES;
				CLANG_WARN_DIRECT_OBJC_ISA_USAGE = YES_ERROR;
				CLANG_WARN_DOCUMENTATION_COMMENTS = YES;
				CLANG_WARN_EMPTY_BODY = YES;
				CLANG_WARN_ENUM_CONVERSION = YES;
				CLANG_WARN_INFINITE_RECURSION = YES;
				CLANG_WARN_INT_CONVERSION = YES;
				CLANG_WARN_NON_LITERAL_NULL_CONVERSION = YES;
				CLANG_WARN_OBJC_IMPLICIT_RETAIN_SELF = YES;
				CLANG_WARN_OBJC_LITERAL_CONVERSION = YES;
				CLANG_WARN_OBJC_ROOT_CLASS = YES_ERROR;
				CLANG_WARN_QUOTED_INCLUDE_IN_FRAMEWORK_HEADER = YES;
				CLANG_WARN_RANGE_LOOP_ANALYSIS = YES;
				CLANG_WARN_STRICT_PROTOTYPES = YES;
				CLANG_WARN_SUSPICIOUS_MOVE = YES;
				CLANG_WARN_UNGUARDED_AVAILABILITY = YES_AGGRESSIVE;
				CLANG_WARN_UNREACHABLE_CODE = YES;
				CLANG_WARN__DUPLICATE_METHOD_MATCH = YES;
				COPY_PHASE_STRIP = NO;
				DEBUG_INFORMATION_FORMAT = "dwarf-with-dsym";
				ENABLE_NS_ASSERTIONS = NO;
				ENABLE_STRICT_OBJC_MSGSEND = YES;
				GCC_C_LANGUAGE_STANDARD = gnu11;
				GCC_NO_COMMON_BLOCKS = YES;
				GCC_WARN_64_TO_32_BIT_CONVERSION = YES;
				GCC_WARN_ABOUT_RETURN_TYPE = YES_ERROR;
				GCC_WARN_UNDECLARED_SELECTOR = YES;
				GCC_WARN_UNINITIALIZED_AUTOS = YES_AGGRESSIVE;
				GCC_WARN_UNUSED_FUNCTION = YES;
				GCC_WARN_UNUSED_VARIABLE = YES;
				IPHONEOS_DEPLOYMENT_TARGET = 16.0;
				MTL_ENABLE_DEBUG_INFO = NO;
				MTL_FAST_MATH = YES;
				SDKROOT = iphoneos;
				VALIDATE_PRODUCT = YES;
			};
			name = Release;
		};
		D5DC44F429A5E57600D2A2EE /* Debug */ = {
			isa = XCBuildConfiguration;
			buildSettings = {
				ASSETCATALOG_COMPILER_APPICON_NAME = AppIcon;
				ASSETCATALOG_COMPILER_GLOBAL_ACCENT_COLOR_NAME = AccentColor;
				CODE_SIGN_STYLE = Automatic;
				CURRENT_PROJECT_VERSION = 1;
				DEVELOPMENT_TEAM = VXR43ZV554;
				GENERATE_INFOPLIST_FILE = YES;
				INFOPLIST_FILE = nodes/Info.plist;
				INFOPLIST_KEY_UIApplicationSupportsIndirectInputEvents = YES;
				INFOPLIST_KEY_UILaunchStoryboardName = LaunchScreen;
				INFOPLIST_KEY_UIMainStoryboardFile = Main;
				INFOPLIST_KEY_UISupportedInterfaceOrientations_iPad = "UIInterfaceOrientationPortrait UIInterfaceOrientationPortraitUpsideDown UIInterfaceOrientationLandscapeLeft UIInterfaceOrientationLandscapeRight";
				INFOPLIST_KEY_UISupportedInterfaceOrientations_iPhone = "UIInterfaceOrientationPortrait UIInterfaceOrientationLandscapeLeft UIInterfaceOrientationLandscapeRight";
				LD_RUNPATH_SEARCH_PATHS = (
					"$(inherited)",
					"@executable_path/Frameworks",
				);
				MARKETING_VERSION = 1.0;
				PRODUCT_BUNDLE_IDENTIFIER = com.wangbendong.cn.nodes;
				PRODUCT_NAME = "$(TARGET_NAME)";
				SWIFT_EMIT_LOC_STRINGS = YES;
				TARGETED_DEVICE_FAMILY = "1,2";
			};
			name = Debug;
		};
		D5DC44F529A5E57600D2A2EE /* Release */ = {
			isa = XCBuildConfiguration;
			buildSettings = {
				ASSETCATALOG_COMPILER_APPICON_NAME = AppIcon;
				ASSETCATALOG_COMPILER_GLOBAL_ACCENT_COLOR_NAME = AccentColor;
				CODE_SIGN_STYLE = Automatic;
				CURRENT_PROJECT_VERSION = 1;
				DEVELOPMENT_TEAM = VXR43ZV554;
				GENERATE_INFOPLIST_FILE = YES;
				INFOPLIST_FILE = nodes/Info.plist;
				INFOPLIST_KEY_UIApplicationSupportsIndirectInputEvents = YES;
				INFOPLIST_KEY_UILaunchStoryboardName = LaunchScreen;
				INFOPLIST_KEY_UIMainStoryboardFile = Main;
				INFOPLIST_KEY_UISupportedInterfaceOrientations_iPad = "UIInterfaceOrientationPortrait UIInterfaceOrientationPortraitUpsideDown UIInterfaceOrientationLandscapeLeft UIInterfaceOrientationLandscapeRight";
				INFOPLIST_KEY_UISupportedInterfaceOrientations_iPhone = "UIInterfaceOrientationPortrait UIInterfaceOrientationLandscapeLeft UIInterfaceOrientationLandscapeRight";
				LD_RUNPATH_SEARCH_PATHS = (
					"$(inherited)",
					"@executable_path/Frameworks",
				);
				MARKETING_VERSION = 1.0;
				PRODUCT_BUNDLE_IDENTIFIER = com.wangbendong.cn.nodes;
				PRODUCT_NAME = "$(TARGET_NAME)";
				SWIFT_EMIT_LOC_STRINGS = YES;
				TARGETED_DEVICE_FAMILY = "1,2";
			};
			name = Release;
		};
/* End XCBuildConfiguration section */

/* Begin XCConfigurationList section */
		D5DC44D529A5E57100D2A2EE /* Build configuration list for PBXProject "nodes" */ = {
			isa = XCConfigurationList;
			buildConfigurations = (
				D5DC44F129A5E57600D2A2EE /* Debug */,
				D5DC44F229A5E57600D2A2EE /* Release */,
			);
			defaultConfigurationIsVisible = 0;
			defaultConfigurationName = Release;
		};
		D5DC44F329A5E57600D2A2EE /* Build configuration list for PBXNativeTarget "nodes" */ = {
			isa = XCConfigurationList;
			buildConfigurations = (
				D5DC44F429A5E57600D2A2EE /* Debug */,
				D5DC44F529A5E57600D2A2EE /* Release */,
			);
			defaultConfigurationIsVisible = 0;
			defaultConfigurationName = Release;
		};
/* End XCConfigurationList section */
	};
	rootObject = D5DC44D229A5E57100D2A2EE /* Project object */;
}
